
Microsoft Visual Studio Solution File, Format Version 12.00
# Visual Studio 2017
Project("{FAE04EC0-301F-11D3-BF4B-00C04F79EFBC}") = "Bit cup", "Bit cup.csproj", "{76F2242E-07C7-085E-BEC9-1EE02AC54154}"
EndProject
Project("{FAE04EC0-301F-11D3-BF4B-00C04F79EFBC}") = "Bit cup.Editor", "Bit cup.Editor.csproj", "{FAC6152A-5C64-E605-BF3D-007C719BDE0E}"
EndProject
Global
	GlobalSection(SolutionConfigurationPlatforms) = preSolution
		Debug|Any CPU = Debug|Any CPU
		Release|Any CPU = Release|Any CPU
	EndGlobalSection
	GlobalSection(ProjectConfigurationPlatforms) = postSolution
		{76F2242E-07C7-085E-BEC9-1EE02AC54154}.Debug|Any CPU.ActiveCfg = Debug|Any CPU
		{76F2242E-07C7-085E-BEC9-1EE02AC54154}.Debug|Any CPU.Build.0 = Debug|Any CPU
		{76F2242E-07C7-085E-BEC9-1EE02AC54154}.Release|Any CPU.ActiveCfg = Release|Any CPU
		{76F2242E-07C7-085E-BEC9-1EE02AC54154}.Release|Any CPU.Build.0 = Release|Any CPU
		{FAC6152A-5C64-E605-BF3D-007C719BDE0E}.Debug|Any CPU.ActiveCfg = Debug|Any CPU
		{FAC6152A-5C64-E605-BF3D-007C719BDE0E}.Debug|Any CPU.Build.0 = Debug|Any CPU
		{FAC6152A-5C64-E605-BF3D-007C719BDE0E}.Release|Any CPU.ActiveCfg = Release|Any CPU
		{FAC6152A-5C64-E605-BF3D-007C719BDE0E}.Release|Any CPU.Build.0 = Release|Any CPU
	EndGlobalSection
	GlobalSection(SolutionProperties) = preSolution
		HideSolutionNode = FALSE
	EndGlobalSection
EndGlobal
